
Microsoft Visual Studio Solution File, Format Version 12.00
# Visual Studio Version 16
VisualStudioVersion = 16.0.31205.134
MinimumVisualStudioVersion = 10.0.40219.1
Project("{FAE04EC0-301F-11D3-BF4B-00C04F79EFBC}") = "MineSweeperGame", "MineSweeperGame\MineSweeperGame.csproj", "{C2E3D4BD-BCDC-4A07-9CC1-C87E6297A4B1}"
EndProject
Project("{FAE04EC0-301F-11D3-BF4B-00C04F79EFBC}") = "MineSweeperGameTest", "MineSweeperGameTest\MineSweeperGameTest.csproj", "{879483D8-6796-48CC-AD96-7F292C3989F5}"
EndProject
Global
	GlobalSection(SolutionConfigurationPlatforms) = preSolution
		Debug|Any CPU = Debug|Any CPU
		Release|Any CPU = Release|Any CPU
	EndGlobalSection
	GlobalSection(ProjectConfigurationPlatforms) = postSolution
		{C2E3D4BD-BCDC-4A07-9CC1-C87E6297A4B1}.Debug|Any CPU.ActiveCfg = Debug|Any CPU
		{C2E3D4BD-BCDC-4A07-9CC1-C87E6297A4B1}.Debug|Any CPU.Build.0 = Debug|Any CPU
		{C2E3D4BD-BCDC-4A07-9CC1-C87E6297A4B1}.Release|Any CPU.ActiveCfg = Release|Any CPU
		{C2E3D4BD-BCDC-4A07-9CC1-C87E6297A4B1}.Release|Any CPU.Build.0 = Release|Any CPU
		{879483D8-6796-48CC-AD96-7F292C3989F5}.Debug|Any CPU.ActiveCfg = Debug|Any CPU
		{879483D8-6796-48CC-AD96-7F292C3989F5}.Debug|Any CPU.Build.0 = Debug|Any CPU
		{879483D8-6796-48CC-AD96-7F292C3989F5}.Release|Any CPU.ActiveCfg = Release|Any CPU
		{879483D8-6796-48CC-AD96-7F292C3989F5}.Release|Any CPU.Build.0 = Release|Any CPU
	EndGlobalSection
	GlobalSection(SolutionProperties) = preSolution
		HideSolutionNode = FALSE
	EndGlobalSection
	GlobalSection(ExtensibilityGlobals) = postSolution
		SolutionGuid = {52A64029-7BBD-4AAB-B232-86FC7EECFAE3}
	EndGlobalSection
EndGlobal
